{
  "version": 4,
  "terraform_version": "1.8.5",
  "serial": 31,
  "lineage": "e49128fb-7d26-03a5-a31d-e6e4a1bb762f",
  "outputs": {},
  "resources": [
    {
      "mode": "managed",
      "type": "google_compute_firewall",
      "name": "allow_access_specific_ip",
      "provider": "provider[\"registry.terraform.io/hashicorp/google\"]",
      "instances": [
        {
          "schema_version": 1,
          "attributes": {
            "allow": [
              {
                "ports": [
                  "80",
                  "8080"
                ],
                "protocol": "tcp"
              }
            ],
            "creation_timestamp": "2024-08-22T03:04:26.501-07:00",
            "deny": [],
            "description": "",
            "destination_ranges": [],
            "direction": "INGRESS",
            "disabled": false,
            "enable_logging": null,
            "id": "projects/compute-engine-learning-433211/global/firewalls/allow-access-to-specific-ip",
            "log_config": [
              {
                "metadata": "INCLUDE_ALL_METADATA"
              }
            ],
            "name": "allow-access-to-specific-ip",
            "network": "https://www.googleapis.com/compute/v1/projects/compute-engine-learning-433211/global/networks/private-custom-vpc",
            "priority": 1001,
            "project": "compute-engine-learning-433211",
            "self_link": "https://www.googleapis.com/compute/v1/projects/compute-engine-learning-433211/global/firewalls/allow-access-to-specific-ip",
            "source_ranges": [
              "192.168.1.8/32"
            ],
            "source_service_accounts": [],
            "source_tags": [],
            "target_service_accounts": [],
            "target_tags": [
              "compute-engine-instance-template"
            ],
            "timeouts": null
          },
          "sensitive_attributes": [],
          "private": "eyJlMmJmYjczMC1lY2FhLTExZTYtOGY4OC0zNDM2M2JjN2M0YzAiOnsiY3JlYXRlIjoxMjAwMDAwMDAwMDAwLCJkZWxldGUiOjEyMDAwMDAwMDAwMDAsInVwZGF0ZSI6MTIwMDAwMDAwMDAwMH0sInNjaGVtYV92ZXJzaW9uIjoiMSJ9",
          "dependencies": [
            "google_compute_network.custom-vpc-network"
          ]
        }
      ]
    },
    {
      "mode": "managed",
      "type": "google_compute_instance_template",
      "name": "custom-instance-template",
      "provider": "provider[\"registry.terraform.io/hashicorp/google\"]",
      "instances": [
        {
          "schema_version": 1,
          "attributes": {
            "advanced_machine_features": [],
            "can_ip_forward": false,
            "confidential_instance_config": null,
            "description": "Compute Instance Template that installs apache2 webserver and displays an hello world page",
            "disk": [
              {
                "auto_delete": true,
                "boot": true,
                "device_name": "persistent-disk-0",
                "disk_encryption_key": [],
                "disk_name": "",
                "disk_size_gb": 10,
                "disk_type": "pd-balanced",
                "interface": "SCSI",
                "labels": null,
                "mode": "READ_WRITE",
                "provisioned_iops": 0,
                "resource_manager_tags": null,
                "resource_policies": null,
                "source": "",
                "source_image": "projects/debian-cloud/global/images/family/debian-11",
                "source_image_encryption_key": [],
                "source_snapshot": "",
                "source_snapshot_encryption_key": [],
                "type": "PERSISTENT"
              }
            ],
            "effective_labels": {
              "environment": "sandbox"
            },
            "guest_accelerator": [],
            "id": "projects/compute-engine-learning-433211/global/instanceTemplates/custom-compute-instance-template",
            "instance_description": "",
            "labels": {
              "environment": "sandbox"
            },
            "machine_type": "e2-micro",
            "metadata": {
              "startup-script": "#!/bin/bash\nsudo apt-get update\nsudo apt-get install -y apache2\necho \"\u003chtml\u003e\u003cbody\u003e\u003ch1\u003eHello World!\u003c/h1\u003e\u003c/body\u003e\u003c/html\u003e\" | sudo tee /var/www/html/index.html\nsudo systemctl start apache2\nsudo systemctl enable apache2\n"
            },
            "metadata_fingerprint": "vRqjwsF2KbE=",
            "metadata_startup_script": null,
            "min_cpu_platform": "",
            "name": "custom-compute-instance-template",
            "name_prefix": null,
            "network_interface": [
              {
                "access_config": [
                  {
                    "nat_ip": "",
                    "network_tier": "PREMIUM",
                    "public_ptr_domain_name": ""
                  }
                ],
                "alias_ip_range": [],
                "internal_ipv6_prefix_length": 0,
                "ipv6_access_config": [],
                "ipv6_access_type": "",
                "ipv6_address": "",
                "name": "nic0",
                "network": "https://www.googleapis.com/compute/v1/projects/compute-engine-learning-433211/global/networks/private-custom-vpc",
                "network_ip": "",
                "nic_type": "",
                "queue_count": 0,
                "stack_type": "",
                "subnetwork": "https://www.googleapis.com/compute/v1/projects/compute-engine-learning-433211/regions/asia-south1/subnetworks/custom-subnet",
                "subnetwork_project": "compute-engine-learning-433211"
              }
            ],
            "network_performance_config": [],
            "project": "compute-engine-learning-433211",
            "region": "asia-south1",
            "reservation_affinity": [],
            "resource_manager_tags": null,
            "resource_policies": null,
            "scheduling": [
              {
                "automatic_restart": true,
                "instance_termination_action": "",
                "local_ssd_recovery_timeout": [],
                "max_run_duration": [],
                "min_node_cpus": 0,
                "node_affinities": [],
                "on_host_maintenance": "MIGRATE",
                "on_instance_stop_action": [],
                "preemptible": false,
                "provisioning_model": "STANDARD"
              }
            ],
            "self_link": "https://www.googleapis.com/compute/v1/projects/compute-engine-learning-433211/global/instanceTemplates/custom-compute-instance-template",
            "self_link_unique": "https://www.googleapis.com/compute/v1/projects/compute-engine-learning-433211/global/instanceTemplates/custom-compute-instance-template?uniqueId=3551293733266436275",
            "service_account": [],
            "shielded_instance_config": [],
            "tags": [
              "compute-engine-instance-template"
            ],
            "tags_fingerprint": "",
            "terraform_labels": {
              "environment": "sandbox"
            },
            "timeouts": null
          },
          "sensitive_attributes": [],
          "private": "eyJlMmJmYjczMC1lY2FhLTExZTYtOGY4OC0zNDM2M2JjN2M0YzAiOnsiY3JlYXRlIjoyNDAwMDAwMDAwMDAsImRlbGV0ZSI6MjQwMDAwMDAwMDAwfSwic2NoZW1hX3ZlcnNpb24iOiIxIn0=",
          "dependencies": [
            "google_compute_network.custom-vpc-network",
            "google_compute_subnetwork.custom-subnet"
          ]
        }
      ]
    },
    {
      "mode": "managed",
      "type": "google_compute_network",
      "name": "custom-vpc-network",
      "provider": "provider[\"registry.terraform.io/hashicorp/google\"]",
      "instances": [
        {
          "schema_version": 0,
          "attributes": {
            "auto_create_subnetworks": false,
            "delete_default_routes_on_create": false,
            "description": "Custom VPC network that has only 1 subnet with private google access and flow logs enabled",
            "enable_ula_internal_ipv6": false,
            "gateway_ipv4": "",
            "id": "projects/compute-engine-learning-433211/global/networks/private-custom-vpc",
            "internal_ipv6_range": "",
            "mtu": 1460,
            "name": "private-custom-vpc",
            "network_firewall_policy_enforcement_order": "AFTER_CLASSIC_FIREWALL",
            "numeric_id": "6503107305631560700",
            "project": "compute-engine-learning-433211",
            "routing_mode": "REGIONAL",
            "self_link": "https://www.googleapis.com/compute/v1/projects/compute-engine-learning-433211/global/networks/private-custom-vpc",
            "timeouts": null
          },
          "sensitive_attributes": [],
          "private": "eyJlMmJmYjczMC1lY2FhLTExZTYtOGY4OC0zNDM2M2JjN2M0YzAiOnsiY3JlYXRlIjoxMjAwMDAwMDAwMDAwLCJkZWxldGUiOjEyMDAwMDAwMDAwMDAsInVwZGF0ZSI6MTIwMDAwMDAwMDAwMH19"
        }
      ]
    },
    {
      "mode": "managed",
      "type": "google_compute_subnetwork",
      "name": "custom-subnet",
      "provider": "provider[\"registry.terraform.io/hashicorp/google\"]",
      "instances": [
        {
          "schema_version": 0,
          "attributes": {
            "creation_timestamp": "2024-08-22T03:04:29.067-07:00",
            "description": "Custom Subnet that has an ip range of 10.0.1.0/24",
            "external_ipv6_prefix": "",
            "fingerprint": null,
            "gateway_address": "10.0.1.1",
            "id": "projects/compute-engine-learning-433211/regions/asia-south1/subnetworks/custom-subnet",
            "internal_ipv6_prefix": "",
            "ip_cidr_range": "10.0.1.0/24",
            "ipv6_access_type": "",
            "ipv6_cidr_range": "",
            "log_config": [
              {
                "aggregation_interval": "INTERVAL_30_SEC",
                "filter_expr": "true",
                "flow_sampling": 1,
                "metadata": "INCLUDE_ALL_METADATA",
                "metadata_fields": []
              }
            ],
            "name": "custom-subnet",
            "network": "https://www.googleapis.com/compute/v1/projects/compute-engine-learning-433211/global/networks/private-custom-vpc",
            "private_ip_google_access": true,
            "private_ipv6_google_access": "DISABLE_GOOGLE_ACCESS",
            "project": "compute-engine-learning-433211",
            "purpose": "PRIVATE",
            "region": "asia-south1",
            "role": "",
            "secondary_ip_range": [],
            "self_link": "https://www.googleapis.com/compute/v1/projects/compute-engine-learning-433211/regions/asia-south1/subnetworks/custom-subnet",
            "stack_type": "IPV4_ONLY",
            "timeouts": null
          },
          "sensitive_attributes": [],
          "private": "eyJlMmJmYjczMC1lY2FhLTExZTYtOGY4OC0zNDM2M2JjN2M0YzAiOnsiY3JlYXRlIjoxMjAwMDAwMDAwMDAwLCJkZWxldGUiOjEyMDAwMDAwMDAwMDAsInVwZGF0ZSI6MTIwMDAwMDAwMDAwMH19",
          "dependencies": [
            "google_compute_network.custom-vpc-network"
          ]
        }
      ]
    }
  ],
  "check_results": null
}
